
Microsoft Visual Studio Solution File, Format Version 12.00
# Visual Studio Version 16
VisualStudioVersion = 16.0.30320.27
MinimumVisualStudioVersion = 10.0.40219.1
Project("{9A19103F-16F7-4668-BE54-9A1E7A4F7556}") = "PointOfSaleStateManagement", "PointOfSaleStateManagement\PointOfSaleStateManagement.csproj", "{33A114E5-7775-411A-8444-FBD9E1C1A76F}"
EndProject
Project("{FAE04EC0-301F-11D3-BF4B-00C04F79EFBC}") = "PointOfSaleStateManagement.Business", "PointOfSaleStateManagement.Business\PointOfSaleStateManagement.Business.csproj", "{36D72754-E003-4F4D-B965-89F4CC20E92A}"
EndProject
Project("{FAE04EC0-301F-11D3-BF4B-00C04F79EFBC}") = "PointOfSaleStateManagement.Tests", "PointOfSaleStateManagement.Tests\PointOfSaleStateManagement.Tests.csproj", "{FD511098-6BD2-4609-AE94-B1E8F0277BFB}"
EndProject
Global
	GlobalSection(SolutionConfigurationPlatforms) = preSolution
		Debug|Any CPU = Debug|Any CPU
		Release|Any CPU = Release|Any CPU
	EndGlobalSection
	GlobalSection(ProjectConfigurationPlatforms) = postSolution
		{33A114E5-7775-411A-8444-FBD9E1C1A76F}.Debug|Any CPU.ActiveCfg = Debug|Any CPU
		{33A114E5-7775-411A-8444-FBD9E1C1A76F}.Debug|Any CPU.Build.0 = Debug|Any CPU
		{33A114E5-7775-411A-8444-FBD9E1C1A76F}.Release|Any CPU.ActiveCfg = Release|Any CPU
		{33A114E5-7775-411A-8444-FBD9E1C1A76F}.Release|Any CPU.Build.0 = Release|Any CPU
		{36D72754-E003-4F4D-B965-89F4CC20E92A}.Debug|Any CPU.ActiveCfg = Debug|Any CPU
		{36D72754-E003-4F4D-B965-89F4CC20E92A}.Debug|Any CPU.Build.0 = Debug|Any CPU
		{36D72754-E003-4F4D-B965-89F4CC20E92A}.Release|Any CPU.ActiveCfg = Release|Any CPU
		{36D72754-E003-4F4D-B965-89F4CC20E92A}.Release|Any CPU.Build.0 = Release|Any CPU
		{FD511098-6BD2-4609-AE94-B1E8F0277BFB}.Debug|Any CPU.ActiveCfg = Debug|Any CPU
		{FD511098-6BD2-4609-AE94-B1E8F0277BFB}.Debug|Any CPU.Build.0 = Debug|Any CPU
		{FD511098-6BD2-4609-AE94-B1E8F0277BFB}.Release|Any CPU.ActiveCfg = Release|Any CPU
		{FD511098-6BD2-4609-AE94-B1E8F0277BFB}.Release|Any CPU.Build.0 = Release|Any CPU
	EndGlobalSection
	GlobalSection(SolutionProperties) = preSolution
		HideSolutionNode = FALSE
	EndGlobalSection
	GlobalSection(ExtensibilityGlobals) = postSolution
		SolutionGuid = {15A9929A-CD3E-4D42-8341-919CFF4FF2B2}
	EndGlobalSection
EndGlobal
